
Microsoft Visual Studio Solution File, Format Version 12.00
# Visual Studio Version 16
VisualStudioVersion = 16.0.30011.22
MinimumVisualStudioVersion = 10.0.40219.1
Project("{9A19103F-16F7-4668-BE54-9A1E7A4F7556}") = "razor", "razor.csproj", "{44A76EA9-DBB4-481C-9937-E9AFB08E5553}"
EndProject
Project("{E53339B2-1760-4266-BCC7-CA923CBCF16C}") = "docker-compose", "docker-compose.dcproj", "{A4508DB0-3A56-4452-8137-A8DE9246ADA3}"
EndProject
Global
	GlobalSection(SolutionConfigurationPlatforms) = preSolution
		Debug|Any CPU = Debug|Any CPU
		Release|Any CPU = Release|Any CPU
	EndGlobalSection
	GlobalSection(ProjectConfigurationPlatforms) = postSolution
		{44A76EA9-DBB4-481C-9937-E9AFB08E5553}.Debug|Any CPU.ActiveCfg = Debug|Any CPU
		{44A76EA9-DBB4-481C-9937-E9AFB08E5553}.Debug|Any CPU.Build.0 = Debug|Any CPU
		{44A76EA9-DBB4-481C-9937-E9AFB08E5553}.Release|Any CPU.ActiveCfg = Release|Any CPU
		{44A76EA9-DBB4-481C-9937-E9AFB08E5553}.Release|Any CPU.Build.0 = Release|Any CPU
		{A4508DB0-3A56-4452-8137-A8DE9246ADA3}.Debug|Any CPU.ActiveCfg = Debug|Any CPU
		{A4508DB0-3A56-4452-8137-A8DE9246ADA3}.Debug|Any CPU.Build.0 = Debug|Any CPU
		{A4508DB0-3A56-4452-8137-A8DE9246ADA3}.Release|Any CPU.ActiveCfg = Release|Any CPU
		{A4508DB0-3A56-4452-8137-A8DE9246ADA3}.Release|Any CPU.Build.0 = Release|Any CPU
	EndGlobalSection
	GlobalSection(SolutionProperties) = preSolution
		HideSolutionNode = FALSE
	EndGlobalSection
	GlobalSection(ExtensibilityGlobals) = postSolution
		SolutionGuid = {A426F626-6AC9-4E90-AFC0-9204A21AAD90}
	EndGlobalSection
EndGlobal
