
Microsoft Visual Studio Solution File, Format Version 12.00
# Visual Studio Version 16
VisualStudioVersion = 16.0.30011.22
MinimumVisualStudioVersion = 10.0.40219.1
Project("{F2A71F9B-5D33-465A-A702-920D77279786}") = "fsharp3", "fsharp3.fsproj", "{0E173BFA-6D5F-4E4F-8D7E-A5E5726D53F6}"
EndProject
Project("{E53339B2-1760-4266-BCC7-CA923CBCF16C}") = "docker-compose", "docker-compose.dcproj", "{41B9ABBF-C182-4C82-8182-3C20268CE7A9}"
EndProject
Global
	GlobalSection(SolutionConfigurationPlatforms) = preSolution
		Debug|Any CPU = Debug|Any CPU
		Release|Any CPU = Release|Any CPU
	EndGlobalSection
	GlobalSection(ProjectConfigurationPlatforms) = postSolution
		{0E173BFA-6D5F-4E4F-8D7E-A5E5726D53F6}.Debug|Any CPU.ActiveCfg = Debug|Any CPU
		{0E173BFA-6D5F-4E4F-8D7E-A5E5726D53F6}.Debug|Any CPU.Build.0 = Debug|Any CPU
		{0E173BFA-6D5F-4E4F-8D7E-A5E5726D53F6}.Release|Any CPU.ActiveCfg = Release|Any CPU
		{0E173BFA-6D5F-4E4F-8D7E-A5E5726D53F6}.Release|Any CPU.Build.0 = Release|Any CPU
		{41B9ABBF-C182-4C82-8182-3C20268CE7A9}.Debug|Any CPU.ActiveCfg = Debug|Any CPU
		{41B9ABBF-C182-4C82-8182-3C20268CE7A9}.Debug|Any CPU.Build.0 = Debug|Any CPU
		{41B9ABBF-C182-4C82-8182-3C20268CE7A9}.Release|Any CPU.ActiveCfg = Release|Any CPU
		{41B9ABBF-C182-4C82-8182-3C20268CE7A9}.Release|Any CPU.Build.0 = Release|Any CPU
	EndGlobalSection
	GlobalSection(SolutionProperties) = preSolution
		HideSolutionNode = FALSE
	EndGlobalSection
	GlobalSection(ExtensibilityGlobals) = postSolution
		SolutionGuid = {716BCD72-A6E1-46A9-A0A5-DFE6DC9BEC15}
	EndGlobalSection
EndGlobal
